
Microsoft Visual Studio Solution File, Format Version 12.00
# Visual Studio Version 17
VisualStudioVersion = 17.7.34024.191
MinimumVisualStudioVersion = 10.0.40219.1
Project("{FAE04EC0-301F-11D3-BF4B-00C04F79EFBC}") = "MyFirstConsoleApplication", "MyFirstConsoleApplication\MyFirstConsoleApplication.csproj", "{450D8682-5705-417B-8DFF-BF1B573C219C}"
EndProject
Global
	GlobalSection(SolutionConfigurationPlatforms) = preSolution
		Debug|Any CPU = Debug|Any CPU
		Release|Any CPU = Release|Any CPU
	EndGlobalSection
	GlobalSection(ProjectConfigurationPlatforms) = postSolution
		{450D8682-5705-417B-8DFF-BF1B573C219C}.Debug|Any CPU.ActiveCfg = Debug|Any CPU
		{450D8682-5705-417B-8DFF-BF1B573C219C}.Debug|Any CPU.Build.0 = Debug|Any CPU
		{450D8682-5705-417B-8DFF-BF1B573C219C}.Release|Any CPU.ActiveCfg = Release|Any CPU
		{450D8682-5705-417B-8DFF-BF1B573C219C}.Release|Any CPU.Build.0 = Release|Any CPU
	EndGlobalSection
	GlobalSection(SolutionProperties) = preSolution
		HideSolutionNode = FALSE
	EndGlobalSection
	GlobalSection(ExtensibilityGlobals) = postSolution
		SolutionGuid = {4F76F297-91F7-4308-9E46-760FA3F3E339}
	EndGlobalSection
EndGlobal
